
Microsoft Visual Studio Solution File, Format Version 12.00
# Visual Studio Version 17
VisualStudioVersion = 17.11.35303.130
MinimumVisualStudioVersion = 10.0.40219.1
Project("{2150E333-8FDC-42A3-9474-1A3956D46DE8}") = "Task0", "Task0", "{0CCD57B7-5C62-4AF1-A2EB-EBA3C1C9C0F1}"
EndProject
Project("{9A19103F-16F7-4668-BE54-9A1E7A4F7556}") = "Tyuiu.KhvorykhVA.Sprint4.Task0.V28", "Tyuiu.KhvorykhVA.Sprint4.Task0.V28\Tyuiu.KhvorykhVA.Sprint4.Task0.V28.csproj", "{1AAC7A6B-0864-4515-9EE8-8EAE5E6962A5}"
EndProject
Project("{9A19103F-16F7-4668-BE54-9A1E7A4F7556}") = "Tyuiu.KhvorykhVA.Sprint4.Task0.V28.Lib", "Tyuiu.KhvorykhVA.Sprint4.Task0.V28.Lib\Tyuiu.KhvorykhVA.Sprint4.Task0.V28.Lib.csproj", "{850EECDE-A89B-4303-9711-727963A63A0C}"
EndProject
Project("{9A19103F-16F7-4668-BE54-9A1E7A4F7556}") = "Tyuiu.KhvorykhVA.Sprint4.Task0.V28.Test", "Tyuiu.KhvorykhVA.Sprint4.Task0.V28.Test\Tyuiu.KhvorykhVA.Sprint4.Task0.V28.Test.csproj", "{E79C0B0A-1C44-40A5-B7EE-49C4925627C1}"
EndProject
Project("{2150E333-8FDC-42A3-9474-1A3956D46DE8}") = "Task1", "Task1", "{292C0362-3B2D-4F10-8DFE-6FB58EE4D3E7}"
EndProject
Project("{9A19103F-16F7-4668-BE54-9A1E7A4F7556}") = "Tyuiu.KhvorykhVA.Sprint4.Task1.V19", "Tyuiu.KhvorykhVA.Sprint4.Task1.V19\Tyuiu.KhvorykhVA.Sprint4.Task1.V19.csproj", "{C997D1D0-7160-4848-8385-F3FE84D43B5B}"
EndProject
Project("{9A19103F-16F7-4668-BE54-9A1E7A4F7556}") = "Tyuiu.KhvorykhVA.Sprint4.Task1.V19.Lib", "Tyuiu.KhvorykhVA.Sprint4.Task1.V19.Lib\Tyuiu.KhvorykhVA.Sprint4.Task1.V19.Lib.csproj", "{409516D4-A1B4-44E2-ADA0-FE8BAE0D453D}"
EndProject
Project("{9A19103F-16F7-4668-BE54-9A1E7A4F7556}") = "Tyuiu.KhvorykhVA.Sprint4.Task1.V19.Test", "Tyuiu.KhvorykhVA.Sprint4.Task1.V19.Test\Tyuiu.KhvorykhVA.Sprint4.Task1.V19.Test.csproj", "{A2D3810F-4A61-4D24-B9C5-B1BDEE11A5E5}"
EndProject
Project("{2150E333-8FDC-42A3-9474-1A3956D46DE8}") = "Task2", "Task2", "{FE82E33E-0465-4F01-A645-D79848FA9E70}"
EndProject
Project("{9A19103F-16F7-4668-BE54-9A1E7A4F7556}") = "Tyuiu.KhvorykhVA.Sprint4.Task2.V15", "Tyuiu.KhvorykhVA.Sprint4.Task2.V15\Tyuiu.KhvorykhVA.Sprint4.Task2.V15.csproj", "{2E977224-4C08-465C-81D2-BC116ED92ECB}"
EndProject
Project("{9A19103F-16F7-4668-BE54-9A1E7A4F7556}") = "Tyuiu.KhvorykhVA.Sprint4.Task2.V15.Lib", "Tyuiu.KhvorykhVA.Sprint4.Task2.V15.Lib\Tyuiu.KhvorykhVA.Sprint4.Task2.V15.Lib.csproj", "{9718F7FE-7448-4A46-BCA8-132E1DD4F006}"
EndProject
Project("{9A19103F-16F7-4668-BE54-9A1E7A4F7556}") = "Tyuiu.KhvorykhVA.Sprint4.Task2.V15.Test", "Tyuiu.KhvorykhVA.Sprint4.Task2.V15.Test\Tyuiu.KhvorykhVA.Sprint4.Task2.V15.Test.csproj", "{27D05D67-C820-4301-A041-70B0038F4B2E}"
EndProject
Project("{2150E333-8FDC-42A3-9474-1A3956D46DE8}") = "Task3", "Task3", "{015BF173-F7EF-494A-9212-3D571A417CA4}"
EndProject
Project("{9A19103F-16F7-4668-BE54-9A1E7A4F7556}") = "Tyuiu.KhvorykhVA.Sprint4.Task3.V13", "Tyuiu.KhvorykhVA.Sprint4.Task3.V13\Tyuiu.KhvorykhVA.Sprint4.Task3.V13.csproj", "{1543346C-B33F-421B-B405-C563CAB53CFE}"
EndProject
Project("{9A19103F-16F7-4668-BE54-9A1E7A4F7556}") = "Tyuiu.KhvorykhVA.Sprint4.Task3.V13.Lib", "Tyuiu.KhvorykhVA.Sprint4.Task3.V13.Lib\Tyuiu.KhvorykhVA.Sprint4.Task3.V13.Lib.csproj", "{0511E989-D573-42ED-ADB4-2EB25442052F}"
EndProject
Project("{9A19103F-16F7-4668-BE54-9A1E7A4F7556}") = "Tyuiu.KhvorykhVA.Sprint4.Task3.V13.Test", "Tyuiu.KhvorykhVA.Sprint4.Task3.V13.Test\Tyuiu.KhvorykhVA.Sprint4.Task3.V13.Test.csproj", "{A52D6868-438C-47AD-9350-00CA50764793}"
EndProject
Project("{2150E333-8FDC-42A3-9474-1A3956D46DE8}") = "Task4", "Task4", "{6FEC1017-C717-4DC9-B6B2-E0FC4FC4BC92}"
EndProject
Project("{9A19103F-16F7-4668-BE54-9A1E7A4F7556}") = "Tyuiu.KhvorykhVA.Sprint4.Task4.V14", "Tyuiu.KhvorykhVA.Sprint4.Task4.V14\Tyuiu.KhvorykhVA.Sprint4.Task4.V14.csproj", "{F27FF63F-6482-4865-9E32-2FB05E1AF678}"
EndProject
Project("{9A19103F-16F7-4668-BE54-9A1E7A4F7556}") = "Tyuiu.KhvorykhVA.Sprint4.Task4.V14.Lib", "Tyuiu.KhvorykhVA.Sprint4.Task4.V14.Lib\Tyuiu.KhvorykhVA.Sprint4.Task4.V14.Lib.csproj", "{4BC9A5B2-0441-41C0-9C63-0ED1B96FABCE}"
EndProject
Project("{9A19103F-16F7-4668-BE54-9A1E7A4F7556}") = "Tyuiu.KhvorykhVA.Sprint4.Task4.V14.Test", "Tyuiu.KhvorykhVA.Sprint4.Task4.V14.Test\Tyuiu.KhvorykhVA.Sprint4.Task4.V14.Test.csproj", "{ABAE4CEE-23D6-4DA1-B043-4BF9F4716967}"
EndProject
Project("{2150E333-8FDC-42A3-9474-1A3956D46DE8}") = "Task5", "Task5", "{4ACD5992-726B-4D0B-B039-A1AE27C3867E}"
EndProject
Project("{FAE04EC0-301F-11D3-BF4B-00C04F79EFBC}") = "Tyuiu.KhvorykhVA.Sprint4.Task5.V22", "Tyuiu.KhvorykhVA.Sprint4.Task5.V22\Tyuiu.KhvorykhVA.Sprint4.Task5.V22.csproj", "{EDD6F429-E01B-4D0D-A2C2-7A8FB7E07D0B}"
EndProject
Project("{FAE04EC0-301F-11D3-BF4B-00C04F79EFBC}") = "Tyuiu.KhvorykhVA.Sprint4.Task5.V22.Lib", "Tyuiu.KhvorykhVA.Sprint4.Task5.V22.Lib\Tyuiu.KhvorykhVA.Sprint4.Task5.V22.Lib.csproj", "{4508A147-4460-4FBA-BD8D-A26E463D3183}"
EndProject
Project("{FAE04EC0-301F-11D3-BF4B-00C04F79EFBC}") = "Tyuiu.KhvorykhVA.Sprint4.Task5.V22.Test", "Tyuiu.KhvorykhVA.Sprint4.Task5.V22.Test\Tyuiu.KhvorykhVA.Sprint4.Task5.V22.Test.csproj", "{055C0F24-371E-4655-A37A-7CB279C9DFA6}"
EndProject
Project("{2150E333-8FDC-42A3-9474-1A3956D46DE8}") = "Task6", "Task6", "{C77CF117-3AEA-44DD-A4D1-54EEBCC583F5}"
EndProject
Project("{FAE04EC0-301F-11D3-BF4B-00C04F79EFBC}") = "Tyuiu.KhvorykhVA.Sprint4.Task6.V15", "Tyuiu.KhvorykhVA.Sprint4.Task6.V15\Tyuiu.KhvorykhVA.Sprint4.Task6.V15.csproj", "{21AD238B-3F02-4EB7-99FC-5AF91DFE04F2}"
EndProject
Project("{FAE04EC0-301F-11D3-BF4B-00C04F79EFBC}") = "Tyuiu.KhvorykhVA.Sprint4.Task6.V15.Lib", "Tyuiu.KhvorykhVA.Sprint4.Task6.V15.Lib\Tyuiu.KhvorykhVA.Sprint4.Task6.V15.Lib.csproj", "{6EE537B5-4CD6-4B56-8A70-D15598621583}"
EndProject
Project("{FAE04EC0-301F-11D3-BF4B-00C04F79EFBC}") = "Tyuiu.KhvorykhVA.Sprint4.Task6.V15.Test", "Tyuiu.KhvorykhVA.Sprint4.Task6.V15.Test\Tyuiu.KhvorykhVA.Sprint4.Task6.V15.Test.csproj", "{574738E1-06C2-4235-A7AD-CD106ED80828}"
EndProject
Project("{2150E333-8FDC-42A3-9474-1A3956D46DE8}") = "Task7", "Task7", "{8F8CBD9B-AE0D-41EC-B012-96306F3E1362}"
EndProject
Global
	GlobalSection(SolutionConfigurationPlatforms) = preSolution
		Debug|Any CPU = Debug|Any CPU
		Release|Any CPU = Release|Any CPU
	EndGlobalSection
	GlobalSection(ProjectConfigurationPlatforms) = postSolution
		{1AAC7A6B-0864-4515-9EE8-8EAE5E6962A5}.Debug|Any CPU.ActiveCfg = Debug|Any CPU
		{1AAC7A6B-0864-4515-9EE8-8EAE5E6962A5}.Debug|Any CPU.Build.0 = Debug|Any CPU
		{1AAC7A6B-0864-4515-9EE8-8EAE5E6962A5}.Release|Any CPU.ActiveCfg = Release|Any CPU
		{1AAC7A6B-0864-4515-9EE8-8EAE5E6962A5}.Release|Any CPU.Build.0 = Release|Any CPU
		{850EECDE-A89B-4303-9711-727963A63A0C}.Debug|Any CPU.ActiveCfg = Debug|Any CPU
		{850EECDE-A89B-4303-9711-727963A63A0C}.Debug|Any CPU.Build.0 = Debug|Any CPU
		{850EECDE-A89B-4303-9711-727963A63A0C}.Release|Any CPU.ActiveCfg = Release|Any CPU
		{850EECDE-A89B-4303-9711-727963A63A0C}.Release|Any CPU.Build.0 = Release|Any CPU
		{E79C0B0A-1C44-40A5-B7EE-49C4925627C1}.Debug|Any CPU.ActiveCfg = Debug|Any CPU
		{E79C0B0A-1C44-40A5-B7EE-49C4925627C1}.Debug|Any CPU.Build.0 = Debug|Any CPU
		{E79C0B0A-1C44-40A5-B7EE-49C4925627C1}.Release|Any CPU.ActiveCfg = Release|Any CPU
		{E79C0B0A-1C44-40A5-B7EE-49C4925627C1}.Release|Any CPU.Build.0 = Release|Any CPU
		{C997D1D0-7160-4848-8385-F3FE84D43B5B}.Debug|Any CPU.ActiveCfg = Debug|Any CPU
		{C997D1D0-7160-4848-8385-F3FE84D43B5B}.Debug|Any CPU.Build.0 = Debug|Any CPU
		{C997D1D0-7160-4848-8385-F3FE84D43B5B}.Release|Any CPU.ActiveCfg = Release|Any CPU
		{C997D1D0-7160-4848-8385-F3FE84D43B5B}.Release|Any CPU.Build.0 = Release|Any CPU
		{409516D4-A1B4-44E2-ADA0-FE8BAE0D453D}.Debug|Any CPU.ActiveCfg = Debug|Any CPU
		{409516D4-A1B4-44E2-ADA0-FE8BAE0D453D}.Debug|Any CPU.Build.0 = Debug|Any CPU
		{409516D4-A1B4-44E2-ADA0-FE8BAE0D453D}.Release|Any CPU.ActiveCfg = Release|Any CPU
		{409516D4-A1B4-44E2-ADA0-FE8BAE0D453D}.Release|Any CPU.Build.0 = Release|Any CPU
		{A2D3810F-4A61-4D24-B9C5-B1BDEE11A5E5}.Debug|Any CPU.ActiveCfg = Debug|Any CPU
		{A2D3810F-4A61-4D24-B9C5-B1BDEE11A5E5}.Debug|Any CPU.Build.0 = Debug|Any CPU
		{A2D3810F-4A61-4D24-B9C5-B1BDEE11A5E5}.Release|Any CPU.ActiveCfg = Release|Any CPU
		{A2D3810F-4A61-4D24-B9C5-B1BDEE11A5E5}.Release|Any CPU.Build.0 = Release|Any CPU
		{2E977224-4C08-465C-81D2-BC116ED92ECB}.Debug|Any CPU.ActiveCfg = Debug|Any CPU
		{2E977224-4C08-465C-81D2-BC116ED92ECB}.Debug|Any CPU.Build.0 = Debug|Any CPU
		{2E977224-4C08-465C-81D2-BC116ED92ECB}.Release|Any CPU.ActiveCfg = Release|Any CPU
		{2E977224-4C08-465C-81D2-BC116ED92ECB}.Release|Any CPU.Build.0 = Release|Any CPU
		{9718F7FE-7448-4A46-BCA8-132E1DD4F006}.Debug|Any CPU.ActiveCfg = Debug|Any CPU
		{9718F7FE-7448-4A46-BCA8-132E1DD4F006}.Debug|Any CPU.Build.0 = Debug|Any CPU
		{9718F7FE-7448-4A46-BCA8-132E1DD4F006}.Release|Any CPU.ActiveCfg = Release|Any CPU
		{9718F7FE-7448-4A46-BCA8-132E1DD4F006}.Release|Any CPU.Build.0 = Release|Any CPU
		{27D05D67-C820-4301-A041-70B0038F4B2E}.Debug|Any CPU.ActiveCfg = Debug|Any CPU
		{27D05D67-C820-4301-A041-70B0038F4B2E}.Debug|Any CPU.Build.0 = Debug|Any CPU
		{27D05D67-C820-4301-A041-70B0038F4B2E}.Release|Any CPU.ActiveCfg = Release|Any CPU
		{27D05D67-C820-4301-A041-70B0038F4B2E}.Release|Any CPU.Build.0 = Release|Any CPU
		{1543346C-B33F-421B-B405-C563CAB53CFE}.Debug|Any CPU.ActiveCfg = Debug|Any CPU
		{1543346C-B33F-421B-B405-C563CAB53CFE}.Debug|Any CPU.Build.0 = Debug|Any CPU
		{1543346C-B33F-421B-B405-C563CAB53CFE}.Release|Any CPU.ActiveCfg = Release|Any CPU
		{1543346C-B33F-421B-B405-C563CAB53CFE}.Release|Any CPU.Build.0 = Release|Any CPU
		{0511E989-D573-42ED-ADB4-2EB25442052F}.Debug|Any CPU.ActiveCfg = Debug|Any CPU
		{0511E989-D573-42ED-ADB4-2EB25442052F}.Debug|Any CPU.Build.0 = Debug|Any CPU
		{0511E989-D573-42ED-ADB4-2EB25442052F}.Release|Any CPU.ActiveCfg = Release|Any CPU
		{0511E989-D573-42ED-ADB4-2EB25442052F}.Release|Any CPU.Build.0 = Release|Any CPU
		{A52D6868-438C-47AD-9350-00CA50764793}.Debug|Any CPU.ActiveCfg = Debug|Any CPU
		{A52D6868-438C-47AD-9350-00CA50764793}.Debug|Any CPU.Build.0 = Debug|Any CPU
		{A52D6868-438C-47AD-9350-00CA50764793}.Release|Any CPU.ActiveCfg = Release|Any CPU
		{A52D6868-438C-47AD-9350-00CA50764793}.Release|Any CPU.Build.0 = Release|Any CPU
		{F27FF63F-6482-4865-9E32-2FB05E1AF678}.Debug|Any CPU.ActiveCfg = Debug|Any CPU
		{F27FF63F-6482-4865-9E32-2FB05E1AF678}.Debug|Any CPU.Build.0 = Debug|Any CPU
		{F27FF63F-6482-4865-9E32-2FB05E1AF678}.Release|Any CPU.ActiveCfg = Release|Any CPU
		{F27FF63F-6482-4865-9E32-2FB05E1AF678}.Release|Any CPU.Build.0 = Release|Any CPU
		{4BC9A5B2-0441-41C0-9C63-0ED1B96FABCE}.Debug|Any CPU.ActiveCfg = Debug|Any CPU
		{4BC9A5B2-0441-41C0-9C63-0ED1B96FABCE}.Debug|Any CPU.Build.0 = Debug|Any CPU
		{4BC9A5B2-0441-41C0-9C63-0ED1B96FABCE}.Release|Any CPU.ActiveCfg = Release|Any CPU
		{4BC9A5B2-0441-41C0-9C63-0ED1B96FABCE}.Release|Any CPU.Build.0 = Release|Any CPU
		{ABAE4CEE-23D6-4DA1-B043-4BF9F4716967}.Debug|Any CPU.ActiveCfg = Debug|Any CPU
		{ABAE4CEE-23D6-4DA1-B043-4BF9F4716967}.Debug|Any CPU.Build.0 = Debug|Any CPU
		{ABAE4CEE-23D6-4DA1-B043-4BF9F4716967}.Release|Any CPU.ActiveCfg = Release|Any CPU
		{ABAE4CEE-23D6-4DA1-B043-4BF9F4716967}.Release|Any CPU.Build.0 = Release|Any CPU
		{EDD6F429-E01B-4D0D-A2C2-7A8FB7E07D0B}.Debug|Any CPU.ActiveCfg = Debug|Any CPU
		{EDD6F429-E01B-4D0D-A2C2-7A8FB7E07D0B}.Debug|Any CPU.Build.0 = Debug|Any CPU
		{EDD6F429-E01B-4D0D-A2C2-7A8FB7E07D0B}.Release|Any CPU.ActiveCfg = Release|Any CPU
		{EDD6F429-E01B-4D0D-A2C2-7A8FB7E07D0B}.Release|Any CPU.Build.0 = Release|Any CPU
		{4508A147-4460-4FBA-BD8D-A26E463D3183}.Debug|Any CPU.ActiveCfg = Debug|Any CPU
		{4508A147-4460-4FBA-BD8D-A26E463D3183}.Debug|Any CPU.Build.0 = Debug|Any CPU
		{4508A147-4460-4FBA-BD8D-A26E463D3183}.Release|Any CPU.ActiveCfg = Release|Any CPU
		{4508A147-4460-4FBA-BD8D-A26E463D3183}.Release|Any CPU.Build.0 = Release|Any CPU
		{055C0F24-371E-4655-A37A-7CB279C9DFA6}.Debug|Any CPU.ActiveCfg = Debug|Any CPU
		{055C0F24-371E-4655-A37A-7CB279C9DFA6}.Debug|Any CPU.Build.0 = Debug|Any CPU
		{055C0F24-371E-4655-A37A-7CB279C9DFA6}.Release|Any CPU.ActiveCfg = Release|Any CPU
		{055C0F24-371E-4655-A37A-7CB279C9DFA6}.Release|Any CPU.Build.0 = Release|Any CPU
		{21AD238B-3F02-4EB7-99FC-5AF91DFE04F2}.Debug|Any CPU.ActiveCfg = Debug|Any CPU
		{21AD238B-3F02-4EB7-99FC-5AF91DFE04F2}.Debug|Any CPU.Build.0 = Debug|Any CPU
		{21AD238B-3F02-4EB7-99FC-5AF91DFE04F2}.Release|Any CPU.ActiveCfg = Release|Any CPU
		{21AD238B-3F02-4EB7-99FC-5AF91DFE04F2}.Release|Any CPU.Build.0 = Release|Any CPU
		{6EE537B5-4CD6-4B56-8A70-D15598621583}.Debug|Any CPU.ActiveCfg = Debug|Any CPU
		{6EE537B5-4CD6-4B56-8A70-D15598621583}.Debug|Any CPU.Build.0 = Debug|Any CPU
		{6EE537B5-4CD6-4B56-8A70-D15598621583}.Release|Any CPU.ActiveCfg = Release|Any CPU
		{6EE537B5-4CD6-4B56-8A70-D15598621583}.Release|Any CPU.Build.0 = Release|Any CPU
		{574738E1-06C2-4235-A7AD-CD106ED80828}.Debug|Any CPU.ActiveCfg = Debug|Any CPU
		{574738E1-06C2-4235-A7AD-CD106ED80828}.Debug|Any CPU.Build.0 = Debug|Any CPU
		{574738E1-06C2-4235-A7AD-CD106ED80828}.Release|Any CPU.ActiveCfg = Release|Any CPU
		{574738E1-06C2-4235-A7AD-CD106ED80828}.Release|Any CPU.Build.0 = Release|Any CPU
	EndGlobalSection
	GlobalSection(SolutionProperties) = preSolution
		HideSolutionNode = FALSE
	EndGlobalSection
	GlobalSection(NestedProjects) = preSolution
		{1AAC7A6B-0864-4515-9EE8-8EAE5E6962A5} = {0CCD57B7-5C62-4AF1-A2EB-EBA3C1C9C0F1}
		{850EECDE-A89B-4303-9711-727963A63A0C} = {0CCD57B7-5C62-4AF1-A2EB-EBA3C1C9C0F1}
		{E79C0B0A-1C44-40A5-B7EE-49C4925627C1} = {0CCD57B7-5C62-4AF1-A2EB-EBA3C1C9C0F1}
		{C997D1D0-7160-4848-8385-F3FE84D43B5B} = {292C0362-3B2D-4F10-8DFE-6FB58EE4D3E7}
		{409516D4-A1B4-44E2-ADA0-FE8BAE0D453D} = {292C0362-3B2D-4F10-8DFE-6FB58EE4D3E7}
		{A2D3810F-4A61-4D24-B9C5-B1BDEE11A5E5} = {292C0362-3B2D-4F10-8DFE-6FB58EE4D3E7}
		{2E977224-4C08-465C-81D2-BC116ED92ECB} = {FE82E33E-0465-4F01-A645-D79848FA9E70}
		{9718F7FE-7448-4A46-BCA8-132E1DD4F006} = {FE82E33E-0465-4F01-A645-D79848FA9E70}
		{27D05D67-C820-4301-A041-70B0038F4B2E} = {FE82E33E-0465-4F01-A645-D79848FA9E70}
		{1543346C-B33F-421B-B405-C563CAB53CFE} = {015BF173-F7EF-494A-9212-3D571A417CA4}
		{0511E989-D573-42ED-ADB4-2EB25442052F} = {015BF173-F7EF-494A-9212-3D571A417CA4}
		{A52D6868-438C-47AD-9350-00CA50764793} = {015BF173-F7EF-494A-9212-3D571A417CA4}
		{F27FF63F-6482-4865-9E32-2FB05E1AF678} = {6FEC1017-C717-4DC9-B6B2-E0FC4FC4BC92}
		{4BC9A5B2-0441-41C0-9C63-0ED1B96FABCE} = {6FEC1017-C717-4DC9-B6B2-E0FC4FC4BC92}
		{ABAE4CEE-23D6-4DA1-B043-4BF9F4716967} = {6FEC1017-C717-4DC9-B6B2-E0FC4FC4BC92}
		{EDD6F429-E01B-4D0D-A2C2-7A8FB7E07D0B} = {4ACD5992-726B-4D0B-B039-A1AE27C3867E}
		{4508A147-4460-4FBA-BD8D-A26E463D3183} = {4ACD5992-726B-4D0B-B039-A1AE27C3867E}
		{055C0F24-371E-4655-A37A-7CB279C9DFA6} = {4ACD5992-726B-4D0B-B039-A1AE27C3867E}
		{21AD238B-3F02-4EB7-99FC-5AF91DFE04F2} = {C77CF117-3AEA-44DD-A4D1-54EEBCC583F5}
		{6EE537B5-4CD6-4B56-8A70-D15598621583} = {C77CF117-3AEA-44DD-A4D1-54EEBCC583F5}
		{574738E1-06C2-4235-A7AD-CD106ED80828} = {C77CF117-3AEA-44DD-A4D1-54EEBCC583F5}
	EndGlobalSection
	GlobalSection(ExtensibilityGlobals) = postSolution
		SolutionGuid = {CF45A780-8B95-4E0A-A999-4A3998D0245B}
	EndGlobalSection
EndGlobal
